01fqc/E14-K27me3_fastqc.zip
01fqc/E14-Ring1b_fastqc.zip
02aln/E14-K27me3.sorted.bam
02aln/E14-Ring1b.sorted.bam
02aln/E14-K27me3.sorted.bam.flagstat
02aln/E14-Ring1b.sorted.bam.flagstat
03peak_macs2/E14-K27me3_E14-input/E14-K27me3_peaks.xls
03peak_macs2/E14-Ring1b_E14-input/E14-Ring1b_peaks.xls
04phantompeakqual/E14-K27me3_phantom.txt
04phantompeakqual/E14-Ring1b_phantom.txt
05bigwig/E14-K27me3_E14-input.bw
05bigwig/E14-Ring1b_E14-input.bw
07peak_annot/E14-K27me3_E14-input/E14-K27me3_peaks_p10.annot
07peak_annot/E14-Ring1b_E14-input/E14-Ring1b_peaks_p10.annot
10multiQC/multiQC_log.html
06gcBias/E14-K27me3_E14-input_GCbias.pdf
06gcBias/E14-Ring1b_E14-input_GCbias.pdf
02aln/E14-K27me3.bam
03peak_macs2/E14-K27me3_E14-input/E14-K27me3_peaks_p10.bed
02aln/E14-K27me3.sorted.bam
03peak_macs2/E14-Ring1b_E14-input/E14-Ring1b_peaks_p10.bed
02aln/E14-Ring1b.sorted.bam
02aln/E14-Ring1b.bam
00log/E14-K27me3.align
00log/E14-Ring1b.align
01fqc/E14-K27me3_fastqc.zip
01fqc/E14-Ring1b_fastqc.zip
02aln/E14-K27me3.sorted.bam.flagstat
02aln/E14-Ring1b.sorted.bam.flagstat
02aln/E14-K27me3.sorted.bam
02aln/E14-Ring1b.sorted.bam
03peak_macs2/E14-K27me3_E14-input/E14-K27me3_peaks_p10.bed
fastq/E14-Ring1b.fastq
02aln/E14-K27me3.sorted.bam
02aln_dm6/E14-K27me3_dm6.bam
/hpcnfs/data/DP/ChIPseq/INPUT_BAM_FILES/input_E14.bam
02aln/E14-K27me3.sorted.bam
02aln/E14-Ring1b.sorted.bam
/hpcnfs/data/DP/ChIPseq/INPUT_BAM_FILES/input_E14.bam
02aln/E14-Ring1b.sorted.bam
/hpcnfs/data/DP/ChIPseq/INPUT_BAM_FILES/input_E14.bam
02aln/E14-Ring1b.sorted.bam
02aln/E14-K27me3.sorted.bam
/hpcnfs/data/DP/ChIPseq/INPUT_BAM_FILES/input_E14.bam
fastq/E14-K27me3.fastq
03peak_macs2/E14-Ring1b_E14-input/E14-Ring1b_peaks_p10.bed
fastq/E14-K27me3.fastq
fastq/E14-Ring1b.fastq
/hpcnfs/scratch/DP/dfernand/Test3/fastq-test/Ring1b
/hpcnfs/scratch/DP/dfernand/Test3/fastq-test/K27me3
