02aln/E14-K27me3.sorted.bam
06gcBias/E14-K27me3_E14-input_GCbias.txt
06gcBias/E14-K27me3_E14-input_GCbias.pdf
06gcBias/E14-Ring1b_E14-input_GCbias.txt
06gcBias/E14-Ring1b_E14-input_GCbias.pdf
02aln/E14-Ring1b.sorted.bam
10multiQC/multiQC_log.html
04phantompeakqual/E14-K27me3_phantom.txt
04phantompeakqual/E14-Ring1b_phantom.txt
07peak_annot/E14-K27me3_E14-input/E14-K27me3_peaks_p10.annot
07peak_annot/E14-K27me3_E14-input/E14-K27me3_peaks_p10_promoPeaks.bed
07peak_annot/E14-K27me3_E14-input/E14-K27me3_peaks_p10_promoTargets.txt
07peak_annot/E14-K27me3_E14-input/E14-K27me3_peaks_p10_promoTargets.bed
07peak_annot/E14-K27me3_E14-input/E14-K27me3_peaks_p10_distalPeaks.bed
01fqc/E14-Ring1b_fastqc.zip
05bigwig/E14-K27me3_E14-input.bdg
05bigwig/E14-K27me3_E14-input.bw
02aln/E14-K27me3.sorted.bam.flagstat
05bigwig/E14-Ring1b_E14-input.bw
03peak_macs2/E14-Ring1b_E14-input/E14-Ring1b_peaks.narrowPeak
03peak_macs2/E14-Ring1b_E14-input/E14-Ring1b_peaks.xls
03peak_macs2/E14-Ring1b_E14-input/E14-Ring1b_peaks_p10.bed
02aln/E14-Ring1b.sorted.bam.flagstat
03peak_macs2/E14-K27me3_E14-input/E14-K27me3_peaks.narrowPeak
03peak_macs2/E14-K27me3_E14-input/E14-K27me3_peaks.xls
03peak_macs2/E14-K27me3_E14-input/E14-K27me3_peaks_p10.bed
01fqc/E14-K27me3_fastqc.zip
07peak_annot/E14-Ring1b_E14-input/E14-Ring1b_peaks_p10.annot
07peak_annot/E14-Ring1b_E14-input/E14-Ring1b_peaks_p10_promoPeaks.bed
07peak_annot/E14-Ring1b_E14-input/E14-Ring1b_peaks_p10_promoTargets.txt
07peak_annot/E14-Ring1b_E14-input/E14-Ring1b_peaks_p10_promoTargets.bed
07peak_annot/E14-Ring1b_E14-input/E14-Ring1b_peaks_p10_distalPeaks.bed
02aln/E14-K27me3.bam
02aln_dm6/E14-K27me3_dm6.bam
02aln/E14-Ring1b.bam
fastq/E14-Ring1b.fastq
fastq/E14-K27me3.fastq
